
Microsoft Visual Studio Solution File, Format Version 12.00
# Visual Studio 2012
Project("{FAE04EC0-301F-11D3-BF4B-00C04F79EFBC}") = "Optimization.GoldenSection", "Optimization.GoldenSection\Optimization.GoldenSection.csproj", "{6309C188-543E-49C3-9DFA-59DEAE2BC99A}"
EndProject
Global
	GlobalSection(SolutionConfigurationPlatforms) = preSolution
		Debug|Any CPU = Debug|Any CPU
		Release|Any CPU = Release|Any CPU
	EndGlobalSection
	GlobalSection(ProjectConfigurationPlatforms) = postSolution
		{6309C188-543E-49C3-9DFA-59DEAE2BC99A}.Debug|Any CPU.ActiveCfg = Debug|Any CPU
		{6309C188-543E-49C3-9DFA-59DEAE2BC99A}.Debug|Any CPU.Build.0 = Debug|Any CPU
		{6309C188-543E-49C3-9DFA-59DEAE2BC99A}.Release|Any CPU.ActiveCfg = Release|Any CPU
		{6309C188-543E-49C3-9DFA-59DEAE2BC99A}.Release|Any CPU.Build.0 = Release|Any CPU
	EndGlobalSection
	GlobalSection(SolutionProperties) = preSolution
		HideSolutionNode = FALSE
	EndGlobalSection
EndGlobal
